
Microsoft Visual Studio Solution File, Format Version 12.00
# Visual Studio 15
VisualStudioVersion = 15.0.28307.705
MinimumVisualStudioVersion = 10.0.40219.1
Project("{FAE04EC0-301F-11D3-BF4B-00C04F79EFBC}") = "TestLib", "TestLib\TestLib.csproj", "{45EC0FA5-F392-452F-9AB2-23939A26CF10}"
EndProject
Project("{FAE04EC0-301F-11D3-BF4B-00C04F79EFBC}") = "AutoCheckSrv", "AutoCheckSrv\AutoCheckSrv.csproj", "{6D71EB0C-9A3D-4F6A-807C-F72D12CE00FD}"
EndProject
Global
	GlobalSection(SolutionConfigurationPlatforms) = preSolution
		Debug|Any CPU = Debug|Any CPU
		Release|Any CPU = Release|Any CPU
	EndGlobalSection
	GlobalSection(ProjectConfigurationPlatforms) = postSolution
		{45EC0FA5-F392-452F-9AB2-23939A26CF10}.Debug|Any CPU.ActiveCfg = Debug|Any CPU
		{45EC0FA5-F392-452F-9AB2-23939A26CF10}.Debug|Any CPU.Build.0 = Debug|Any CPU
		{45EC0FA5-F392-452F-9AB2-23939A26CF10}.Release|Any CPU.ActiveCfg = Release|Any CPU
		{45EC0FA5-F392-452F-9AB2-23939A26CF10}.Release|Any CPU.Build.0 = Release|Any CPU
		{6D71EB0C-9A3D-4F6A-807C-F72D12CE00FD}.Debug|Any CPU.ActiveCfg = Debug|Any CPU
		{6D71EB0C-9A3D-4F6A-807C-F72D12CE00FD}.Debug|Any CPU.Build.0 = Debug|Any CPU
		{6D71EB0C-9A3D-4F6A-807C-F72D12CE00FD}.Release|Any CPU.ActiveCfg = Release|Any CPU
		{6D71EB0C-9A3D-4F6A-807C-F72D12CE00FD}.Release|Any CPU.Build.0 = Release|Any CPU
	EndGlobalSection
	GlobalSection(SolutionProperties) = preSolution
		HideSolutionNode = FALSE
	EndGlobalSection
	GlobalSection(ExtensibilityGlobals) = postSolution
		SolutionGuid = {4C481927-DF49-44EB-8C5D-20D560F16543}
	EndGlobalSection
EndGlobal
